
Microsoft Visual Studio Solution File, Format Version 12.00
# Visual Studio Version 16
VisualStudioVersion = 16.0.32106.194
MinimumVisualStudioVersion = 10.0.40219.1
Project("{FAE04EC0-301F-11D3-BF4B-00C04F79EFBC}") = "01-ByteBank", "01-ByteBank\01-ByteBank.csproj", "{6AB8B229-5865-4823-945A-15F8BFDB77B8}"
EndProject
Project("{FAE04EC0-301F-11D3-BF4B-00C04F79EFBC}") = "02-ByteBank", "02-ByteBank\02-ByteBank.csproj", "{0AC24981-63DC-4DEA-9602-40B8F9D61567}"
EndProject
Project("{FAE04EC0-301F-11D3-BF4B-00C04F79EFBC}") = "03-ByteBank", "03-ByteBank\03-ByteBank.csproj", "{FFC97979-2250-4134-B35B-3CFBCAAAE882}"
EndProject
Project("{FAE04EC0-301F-11D3-BF4B-00C04F79EFBC}") = "04-ByteBank", "04-ByteBank\04-ByteBank.csproj", "{9B84986A-B323-4B06-B7F5-9DA3DEF905FC}"
EndProject
Global
	GlobalSection(SolutionConfigurationPlatforms) = preSolution
		Debug|Any CPU = Debug|Any CPU
		Release|Any CPU = Release|Any CPU
	EndGlobalSection
	GlobalSection(ProjectConfigurationPlatforms) = postSolution
		{6AB8B229-5865-4823-945A-15F8BFDB77B8}.Debug|Any CPU.ActiveCfg = Debug|Any CPU
		{6AB8B229-5865-4823-945A-15F8BFDB77B8}.Debug|Any CPU.Build.0 = Debug|Any CPU
		{6AB8B229-5865-4823-945A-15F8BFDB77B8}.Release|Any CPU.ActiveCfg = Release|Any CPU
		{6AB8B229-5865-4823-945A-15F8BFDB77B8}.Release|Any CPU.Build.0 = Release|Any CPU
		{0AC24981-63DC-4DEA-9602-40B8F9D61567}.Debug|Any CPU.ActiveCfg = Debug|Any CPU
		{0AC24981-63DC-4DEA-9602-40B8F9D61567}.Debug|Any CPU.Build.0 = Debug|Any CPU
		{0AC24981-63DC-4DEA-9602-40B8F9D61567}.Release|Any CPU.ActiveCfg = Release|Any CPU
		{0AC24981-63DC-4DEA-9602-40B8F9D61567}.Release|Any CPU.Build.0 = Release|Any CPU
		{FFC97979-2250-4134-B35B-3CFBCAAAE882}.Debug|Any CPU.ActiveCfg = Debug|Any CPU
		{FFC97979-2250-4134-B35B-3CFBCAAAE882}.Debug|Any CPU.Build.0 = Debug|Any CPU
		{FFC97979-2250-4134-B35B-3CFBCAAAE882}.Release|Any CPU.ActiveCfg = Release|Any CPU
		{FFC97979-2250-4134-B35B-3CFBCAAAE882}.Release|Any CPU.Build.0 = Release|Any CPU
		{9B84986A-B323-4B06-B7F5-9DA3DEF905FC}.Debug|Any CPU.ActiveCfg = Debug|Any CPU
		{9B84986A-B323-4B06-B7F5-9DA3DEF905FC}.Debug|Any CPU.Build.0 = Debug|Any CPU
		{9B84986A-B323-4B06-B7F5-9DA3DEF905FC}.Release|Any CPU.ActiveCfg = Release|Any CPU
		{9B84986A-B323-4B06-B7F5-9DA3DEF905FC}.Release|Any CPU.Build.0 = Release|Any CPU
	EndGlobalSection
	GlobalSection(SolutionProperties) = preSolution
		HideSolutionNode = FALSE
	EndGlobalSection
	GlobalSection(ExtensibilityGlobals) = postSolution
		SolutionGuid = {0B0F0E64-B9EB-425A-A605-7CD3CC3C15E3}
	EndGlobalSection
EndGlobal
